{
  "name": "ui-kit",
  "lockfileVersion": 2,
  "requires": true,
  "packages": {
    "": {
      "dependencies": {
        "@dbykov-ui-kit/ChevronDownIcon": "file:icons/packages/24x24/chevron-down-icon"
      }
    },
    "icons/packages/24x24/chevron-down-icon": {
      "version": "0.0.2",
      "license": "MIT"
    },
    "node_modules/@dbykov-ui-kit/ChevronDownIcon": {
      "resolved": "icons/packages/24x24/chevron-down-icon",
      "link": true
    }
  },
  "dependencies": {
    "@dbykov-ui-kit/ChevronDownIcon": {
      "version": "file:icons/packages/24x24/chevron-down-icon"
    }
  }
}
