{
  "name": "react-ui-components",
  "lockfileVersion": 2,
  "requires": true,
  "packages": {
    "": {
      "dependencies": {
        "@sber-risks-ui/ChevronDownIcon": "file:icons/packages/24x24/chevron-down-icon"
      }
    },
    "icons/packages/24x24/chevron-down-icon": {
      "version": "0.0.2",
      "license": "MIT"
    },
    "node_modules/@sber-risks-ui/ChevronDownIcon": {
      "resolved": "icons/packages/24x24/chevron-down-icon",
      "link": true
    }
  },
  "dependencies": {
    "@sber-risks-ui/ChevronDownIcon": {
      "version": "file:icons/packages/24x24/chevron-down-icon"
    }
  }
}
