{
  "name": "@dbykov-ui-kit/Datepicker",
  "version": "0.2.1",
  "lockfileVersion": 2,
  "requires": true,
  "packages": {
    "": {
      "name": "@dbykov-ui-kit/Datepicker",
      "version": "0.2.1",
      "license": "MIT",
      "dependencies": {
        "dayjs": "1.9.8"
      }
    },
    "node_modules/dayjs": {
      "version": "1.9.8",
      "resolved": "https://registry.npmjs.org/dayjs/-/dayjs-1.9.8.tgz",
      "integrity": "sha1-mmX73KA349WDX5hnLabnlvdXzVg=",
      "license": "MIT"
    }
  },
  "dependencies": {
    "dayjs": {
      "version": "1.9.8",
      "resolved": "https://registry.npmjs.org/dayjs/-/dayjs-1.9.8.tgz",
      "integrity": "sha1-mmX73KA349WDX5hnLabnlvdXzVg="
    }
  }
}