{
  "name": "@sber-risks-ui/Datepicker",
  "version": "0.12.13-beta.1",
  "lockfileVersion": 2,
  "requires": true,
  "packages": {
    "": {
      "name": "@sber-risks-ui/Datepicker",
      "version": "0.12.13-beta.1",
      "license": "MIT",
      "dependencies": {
        "dayjs": "1.9.8"
      }
    },
    "node_modules/dayjs": {
      "version": "1.9.8",
      "resolved": "https://nexus-ci.delta.sbrf.ru/repository/npm-all/dayjs/-/dayjs-1.9.8.tgz",
      "integrity": "sha1-mmX73KA349WDX5hnLabnlvdXzVg=",
      "license": "MIT"
    }
  },
  "dependencies": {
    "dayjs": {
      "version": "1.9.8",
      "resolved": "https://nexus-ci.delta.sbrf.ru/repository/npm-all/dayjs/-/dayjs-1.9.8.tgz",
      "integrity": "sha1-mmX73KA349WDX5hnLabnlvdXzVg="
    }
  }
}
