{
  "name": "@sber-risks-ui/core",
  "version": "0.12.2-alpha.3",
  "lockfileVersion": 2,
  "requires": true,
  "packages": {
    "": {
      "name": "@sber-risks-ui/core",
      "version": "0.12.2-alpha.3",
      "license": "MIT",
      "peerDependencies": {
        "react": ">=16.8.6",
        "react-dom": ">=16.8.6"
      }
    },
    "button": {
      "name": "@sber-risks-ui/Button",
      "version": "0.12.2-alpha.3",
      "extraneous": true,
      "license": "MIT",
      "devDependencies": {
        "@lopatnov/rollup-plugin-uglify": "^2.1.2",
        "@types/styled-components": "^5.1.18",
        "rollup": "^2.61.1"
      }
    },
    "checkbox": {
      "name": "@sber-risks-ui/Checkbox",
      "version": "0.12.2-alpha.3",
      "extraneous": true,
      "license": "MIT",
      "devDependencies": {
        "@lopatnov/rollup-plugin-uglify": "^2.1.2",
        "@types/styled-components": "^5.1.18",
        "rollup": "^2.61.1"
      }
    },
    "datepicker": {
      "name": "@sber-risks-ui/Datepicker",
      "version": "0.12.2-alpha.3",
      "extraneous": true,
      "license": "MIT",
      "dependencies": {
        "dayjs": "1.9.8"
      }
    },
    "divider": {
      "name": "@sber-risks-ui/Divider",
      "version": "0.12.2-alpha.3",
      "extraneous": true,
      "license": "MIT"
    },
    "file-uploader": {
      "name": "@sber-risks-ui/FileUploader",
      "version": "0.12.2-alpha.3",
      "extraneous": true,
      "license": "MIT"
    },
    "flex-container": {
      "name": "@sber-risks-ui/FormControl",
      "version": "0.12.2-alpha.3",
      "extraneous": true,
      "license": "MIT"
    },
    "form-control": {
      "name": "@sber-risks-ui/FlexContainer",
      "version": "0.12.2-alpha.3",
      "extraneous": true,
      "license": "MIT"
    },
    "grid-container": {
      "name": "@sber-risks-ui/GridContainer",
      "version": "0.12.2-alpha.3",
      "extraneous": true,
      "license": "MIT"
    },
    "icon-button": {
      "name": "@sber-risks-ui/IconButton",
      "version": "0.12.2-alpha.3",
      "extraneous": true,
      "license": "MIT",
      "devDependencies": {
        "@lopatnov/rollup-plugin-uglify": "^2.1.2",
        "@types/styled-components": "^5.1.18",
        "rollup": "^2.61.1",
        "rollup-plugin-cleaner": "^1.0.0"
      }
    },
    "input": {
      "name": "@sber-risks-ui/Input",
      "version": "0.12.2-alpha.3",
      "extraneous": true,
      "license": "MIT"
    },
    "label": {
      "name": "@sber-risks-ui/Label",
      "version": "0.12.2-alpha.3",
      "extraneous": true,
      "license": "MIT"
    },
    "label-interactive": {
      "name": "@sber-risks-ui/LabelInteractive",
      "version": "0.12.2-alpha.3",
      "extraneous": true,
      "license": "MIT"
    },
    "list": {
      "name": "@sber-risks-ui/List",
      "version": "0.12.2-alpha.3",
      "extraneous": true,
      "license": "MIT"
    },
    "list-item": {
      "name": "@sber-risks-ui/ListItem",
      "version": "0.12.2-alpha.3",
      "extraneous": true,
      "license": "MIT"
    },
    "multi-select": {
      "name": "@sber-risks-ui/MultiSelect",
      "version": "0.12.2-alpha.3",
      "extraneous": true,
      "license": "MIT"
    },
    "progress-bar": {
      "name": "@sber-risks-ui/Progressbar",
      "version": "0.12.2-alpha.3",
      "extraneous": true,
      "license": "MIT"
    },
    "radio": {
      "name": "@sber-risks-ui/Radio",
      "version": "0.12.2-alpha.3",
      "extraneous": true,
      "license": "MIT",
      "devDependencies": {
        "@lopatnov/rollup-plugin-uglify": "^2.1.2",
        "@types/styled-components": "^5.1.18",
        "rollup": "^2.61.1"
      }
    },
    "select": {
      "name": "@sber-risks-ui/Select",
      "version": "0.12.2-alpha.3",
      "extraneous": true,
      "license": "MIT"
    },
    "sticky-bottom-panel": {
      "name": "@sber-risks-ui/StickyBottomPanel",
      "version": "0.12.2-alpha.3",
      "extraneous": true,
      "license": "MIT"
    },
    "styles": {
      "name": "@sber-risks-ui/styles",
      "version": "0.12.2-alpha.3",
      "extraneous": true,
      "license": "MIT"
    },
    "switcher": {
      "name": "@sber-risks-ui/Switcher",
      "version": "0.12.2-alpha.3",
      "extraneous": true,
      "license": "MIT",
      "devDependencies": {
        "@lopatnov/rollup-plugin-uglify": "^2.1.2",
        "@types/styled-components": "^5.1.18",
        "rollup": "^2.61.1"
      }
    },
    "tab": {
      "name": "@sber-risks-ui/Tab",
      "version": "0.12.2-alpha.3",
      "extraneous": true,
      "license": "MIT"
    },
    "table": {
      "name": "@sber-risks-ui/Table",
      "version": "0.12.2-alpha.3",
      "extraneous": true,
      "license": "MIT"
    },
    "table-body": {
      "name": "@sber-risks-ui/TableBody",
      "version": "0.12.2-alpha.3",
      "extraneous": true,
      "license": "MIT"
    },
    "table-cell": {
      "name": "@sber-risks-ui/TableCell",
      "version": "0.12.2-alpha.3",
      "extraneous": true,
      "license": "MIT"
    },
    "table-columns-visible": {
      "name": "@sber-risks-ui/TableColumnsVisible",
      "version": "0.12.2-alpha.3",
      "extraneous": true,
      "license": "MIT"
    },
    "table-head": {
      "name": "@sber-risks-ui/TableHead",
      "version": "0.12.2-alpha.3",
      "extraneous": true,
      "license": "MIT"
    },
    "table-row": {
      "name": "@sber-risks-ui/TableRow",
      "version": "0.12.2-alpha.3",
      "extraneous": true,
      "license": "MIT"
    },
    "tabs": {
      "name": "@sber-risks-ui/Tabs",
      "version": "0.12.2-alpha.3",
      "extraneous": true,
      "license": "MIT"
    },
    "textfield": {
      "name": "@sber-risks-ui/Textfield",
      "version": "0.12.2-alpha.3",
      "extraneous": true,
      "license": "MIT"
    },
    "typography": {
      "name": "@sber-risks-ui/Typography",
      "version": "0.12.2-alpha.3",
      "extraneous": true,
      "license": "MIT"
    },
    "warning-panel": {
      "name": "@sber-risks-ui/Warning-panel",
      "version": "0.12.2-alpha.3",
      "extraneous": true,
      "license": "MIT",
      "devDependencies": {
        "@types/styled-components": "^5.1.18"
      }
    }
  }
}
