{
  "name": "@sber-risks-ui/core",
  "version": "0.12.2-alpha.3",
  "lockfileVersion": 2,
  "requires": true,
  "packages": {
    "": {
      "name": "@sber-risks-ui/core",
      "version": "0.12.2-alpha.3",
      "license": "MIT",
      "workspaces": [
        "./*"
      ],
      "dependencies": {
        "debounce": "^1.2.1",
        "styled-components": "5.3.3"
      },
      "devDependencies": {
        "rollup": "^2.61.1"
      },
      "peerDependencies": {
        "react": ">=16.8.6",
        "react-dom": ">=16.8.6"
      }
    },
    "button": {
      "name": "@sber-risks-ui/Button",
      "version": "0.12.2-alpha.3",
      "license": "MIT",
      "devDependencies": {
        "@lopatnov/rollup-plugin-uglify": "^2.1.2",
        "@types/styled-components": "^5.1.18",
        "rollup": "^2.61.1"
      }
    },
    "checkbox": {
      "name": "@sber-risks-ui/Checkbox",
      "version": "0.12.2-alpha.3",
      "license": "MIT",
      "devDependencies": {
        "@lopatnov/rollup-plugin-uglify": "^2.1.2",
        "@types/styled-components": "^5.1.18",
        "rollup": "^2.61.1"
      }
    },
    "datepicker": {
      "name": "@sber-risks-ui/Datepicker",
      "version": "0.12.2-alpha.3",
      "license": "MIT",
      "dependencies": {
        "dayjs": "1.9.8"
      }
    },
    "divider": {
      "name": "@sber-risks-ui/Divider",
      "version": "0.12.2-alpha.3",
      "license": "MIT"
    },
    "file-uploader": {
      "name": "@sber-risks-ui/FileUploader",
      "version": "0.12.2-alpha.3",
      "license": "MIT"
    },
    "flex-container": {
      "name": "@sber-risks-ui/FormControl",
      "version": "0.12.2-alpha.3",
      "license": "MIT"
    },
    "form-control": {
      "name": "@sber-risks-ui/FlexContainer",
      "version": "0.12.2-alpha.3",
      "license": "MIT"
    },
    "grid-container": {
      "name": "@sber-risks-ui/GridContainer",
      "version": "0.12.2-alpha.3",
      "license": "MIT"
    },
    "icon-button": {
      "name": "@sber-risks-ui/IconButton",
      "version": "0.12.2-alpha.3",
      "license": "MIT",
      "devDependencies": {
        "@lopatnov/rollup-plugin-uglify": "^2.1.2",
        "@types/styled-components": "^5.1.18",
        "rollup": "^2.61.1",
        "rollup-plugin-cleaner": "^1.0.0"
      }
    },
    "input": {
      "name": "@sber-risks-ui/Input",
      "version": "0.12.2-alpha.3",
      "license": "MIT"
    },
    "label": {
      "name": "@sber-risks-ui/Label",
      "version": "0.12.2-alpha.3",
      "license": "MIT"
    },
    "label-interactive": {
      "name": "@sber-risks-ui/LabelInteractive",
      "version": "0.12.2-alpha.3",
      "license": "MIT"
    },
    "list": {
      "name": "@sber-risks-ui/List",
      "version": "0.12.2-alpha.3",
      "license": "MIT"
    },
    "list-item": {
      "name": "@sber-risks-ui/ListItem",
      "version": "0.12.2-alpha.3",
      "license": "MIT"
    },
    "multi-select": {
      "name": "@sber-risks-ui/MultiSelect",
      "version": "0.12.2-alpha.3",
      "license": "MIT"
    },
    "node_modules/@babel/code-frame": {
      "version": "7.16.7",
      "license": "MIT",
      "dependencies": {
        "@babel/highlight": "^7.16.7"
      },
      "engines": {
        "node": ">=6.9.0"
      }
    },
    "node_modules/@babel/generator": {
      "version": "7.17.3",
      "license": "MIT",
      "dependencies": {
        "@babel/types": "^7.17.0",
        "jsesc": "^2.5.1",
        "source-map": "^0.5.0"
      },
      "engines": {
        "node": ">=6.9.0"
      }
    },
    "node_modules/@babel/helper-annotate-as-pure": {
      "version": "7.22.5",
      "resolved": "https://nexus-ci.delta.sbrf.ru/repository/npm-all/@babel/helper-annotate-as-pure/-/helper-annotate-as-pure-7.22.5.tgz",
      "integrity": "sha1-5/BnN7GX1YCgHt912X4si+mdOII=",
      "license": "MIT",
      "dependencies": {
        "@babel/types": "^7.22.5"
      },
      "engines": {
        "node": ">=6.9.0"
      }
    },
    "node_modules/@babel/helper-environment-visitor": {
      "version": "7.16.7",
      "license": "MIT",
      "dependencies": {
        "@babel/types": "^7.16.7"
      },
      "engines": {
        "node": ">=6.9.0"
      }
    },
    "node_modules/@babel/helper-function-name": {
      "version": "7.16.7",
      "license": "MIT",
      "dependencies": {
        "@babel/helper-get-function-arity": "^7.16.7",
        "@babel/template": "^7.16.7",
        "@babel/types": "^7.16.7"
      },
      "engines": {
        "node": ">=6.9.0"
      }
    },
    "node_modules/@babel/helper-get-function-arity": {
      "version": "7.16.7",
      "license": "MIT",
      "dependencies": {
        "@babel/types": "^7.16.7"
      },
      "engines": {
        "node": ">=6.9.0"
      }
    },
    "node_modules/@babel/helper-hoist-variables": {
      "version": "7.16.7",
      "license": "MIT",
      "dependencies": {
        "@babel/types": "^7.16.7"
      },
      "engines": {
        "node": ">=6.9.0"
      }
    },
    "node_modules/@babel/helper-module-imports": {
      "version": "7.22.5",
      "resolved": "https://nexus-ci.delta.sbrf.ru/repository/npm-all/@babel/helper-module-imports/-/helper-module-imports-7.22.5.tgz",
      "integrity": "sha1-Go9Mn0An0j9SC9drNk1EQ0pyZgw=",
      "license": "MIT",
      "dependencies": {
        "@babel/types": "^7.22.5"
      },
      "engines": {
        "node": ">=6.9.0"
      }
    },
    "node_modules/@babel/helper-plugin-utils": {
      "version": "7.22.5",
      "resolved": "https://nexus-ci.delta.sbrf.ru/repository/npm-all/@babel/helper-plugin-utils/-/helper-plugin-utils-7.22.5.tgz",
      "integrity": "sha1-3X7jc16KMTufewWnc9iS6I5tcpU=",
      "license": "MIT",
      "engines": {
        "node": ">=6.9.0"
      }
    },
    "node_modules/@babel/helper-split-export-declaration": {
      "version": "7.16.7",
      "license": "MIT",
      "dependencies": {
        "@babel/types": "^7.16.7"
      },
      "engines": {
        "node": ">=6.9.0"
      }
    },
    "node_modules/@babel/helper-string-parser": {
      "version": "7.22.5",
      "resolved": "https://nexus-ci.delta.sbrf.ru/repository/npm-all/@babel/helper-string-parser/-/helper-string-parser-7.22.5.tgz",
      "integrity": "sha1-Uz82RXolgUzx32SIUjrVR9eEqZ8=",
      "license": "MIT",
      "engines": {
        "node": ">=6.9.0"
      }
    },
    "node_modules/@babel/helper-validator-identifier": {
      "version": "7.22.5",
      "resolved": "https://nexus-ci.delta.sbrf.ru/repository/npm-all/@babel/helper-validator-identifier/-/helper-validator-identifier-7.22.5.tgz",
      "integrity": "sha1-lUTvajOZk0PIdA+lE1DzDuqq8ZM=",
      "license": "MIT",
      "engines": {
        "node": ">=6.9.0"
      }
    },
    "node_modules/@babel/highlight": {
      "version": "7.16.10",
      "license": "MIT",
      "dependencies": {
        "@babel/helper-validator-identifier": "^7.16.7",
        "chalk": "^2.0.0",
        "js-tokens": "^4.0.0"
      },
      "engines": {
        "node": ">=6.9.0"
      }
    },
    "node_modules/@babel/highlight/node_modules/chalk": {
      "version": "2.4.2",
      "resolved": "https://nexus-ci.delta.sbrf.ru/repository/npm-all/chalk/-/chalk-2.4.2.tgz",
      "integrity": "sha1-zUJUFnelQzPPVBpJEIwUMrRMlCQ=",
      "license": "MIT",
      "dependencies": {
        "ansi-styles": "^3.2.1",
        "escape-string-regexp": "^1.0.5",
        "supports-color": "^5.3.0"
      },
      "engines": {
        "node": ">=4"
      }
    },
    "node_modules/@babel/parser": {
      "version": "7.22.5",
      "resolved": "https://nexus-ci.delta.sbrf.ru/repository/npm-all/@babel/parser/-/parser-7.22.5.tgz",
      "integrity": "sha1-ch/QQvPOGJYjjPGzQcd+t97n2+o=",
      "license": "MIT",
      "bin": {
        "parser": "bin/babel-parser.js"
      },
      "engines": {
        "node": ">=6.0.0"
      }
    },
    "node_modules/@babel/plugin-syntax-jsx": {
      "version": "7.22.5",
      "resolved": "https://nexus-ci.delta.sbrf.ru/repository/npm-all/@babel/plugin-syntax-jsx/-/plugin-syntax-jsx-7.22.5.tgz",
      "integrity": "sha1-praOhPt251n8O5PpAYdv+rvh2Rg=",
      "license": "MIT",
      "dependencies": {
        "@babel/helper-plugin-utils": "^7.22.5"
      },
      "engines": {
        "node": ">=6.9.0"
      },
      "peerDependencies": {
        "@babel/core": "^7.0.0-0"
      }
    },
    "node_modules/@babel/template": {
      "version": "7.16.7",
      "license": "MIT",
      "dependencies": {
        "@babel/code-frame": "^7.16.7",
        "@babel/parser": "^7.16.7",
        "@babel/types": "^7.16.7"
      },
      "engines": {
        "node": ">=6.9.0"
      }
    },
    "node_modules/@babel/traverse": {
      "version": "7.17.3",
      "license": "MIT",
      "dependencies": {
        "@babel/code-frame": "^7.16.7",
        "@babel/generator": "^7.17.3",
        "@babel/helper-environment-visitor": "^7.16.7",
        "@babel/helper-function-name": "^7.16.7",
        "@babel/helper-hoist-variables": "^7.16.7",
        "@babel/helper-split-export-declaration": "^7.16.7",
        "@babel/parser": "^7.17.3",
        "@babel/types": "^7.17.0",
        "debug": "^4.1.0",
        "globals": "^11.1.0"
      },
      "engines": {
        "node": ">=6.9.0"
      }
    },
    "node_modules/@babel/types": {
      "version": "7.22.5",
      "resolved": "https://nexus-ci.delta.sbrf.ru/repository/npm-all/@babel/types/-/types-7.22.5.tgz",
      "integrity": "sha1-zZPuqrAliAo6R+yIH0sJalt4b74=",
      "license": "MIT",
      "dependencies": {
        "@babel/helper-string-parser": "^7.22.5",
        "@babel/helper-validator-identifier": "^7.22.5",
        "to-fast-properties": "^2.0.0"
      },
      "engines": {
        "node": ">=6.9.0"
      }
    },
    "node_modules/@emotion/is-prop-valid": {
      "version": "0.8.8",
      "resolved": "https://nexus-ci.delta.sbrf.ru/repository/npm-all/@emotion/is-prop-valid/-/is-prop-valid-0.8.8.tgz",
      "integrity": "sha1-2yixxDaKJZtgqXMR1qlS1P0BrBo=",
      "license": "MIT",
      "dependencies": {
        "@emotion/memoize": "0.7.4"
      }
    },
    "node_modules/@emotion/memoize": {
      "version": "0.7.4",
      "resolved": "https://nexus-ci.delta.sbrf.ru/repository/npm-all/@emotion/memoize/-/memoize-0.7.4.tgz",
      "integrity": "sha1-Gb8PWvGRSREcQNmLsM+CEZ9dnus=",
      "license": "MIT"
    },
    "node_modules/@emotion/stylis": {
      "version": "0.8.5",
      "resolved": "https://nexus-ci.delta.sbrf.ru/repository/npm-all/@emotion/stylis/-/stylis-0.8.5.tgz",
      "integrity": "sha1-3qyzib1u530ef8rMzp4WxcfnjgQ=",
      "license": "MIT"
    },
    "node_modules/@emotion/unitless": {
      "version": "0.7.5",
      "resolved": "https://nexus-ci.delta.sbrf.ru/repository/npm-all/@emotion/unitless/-/unitless-0.7.5.tgz",
      "integrity": "sha1-dyESkcGQCnALinjPr9oxYNdpSe0=",
      "license": "MIT"
    },
    "node_modules/@lopatnov/rollup-plugin-uglify": {
      "version": "2.1.5",
      "resolved": "https://nexus-ci.delta.sbrf.ru/repository/npm-all/@lopatnov/rollup-plugin-uglify/-/rollup-plugin-uglify-2.1.5.tgz",
      "integrity": "sha1-sRdpNXspysv2xP3H6ZWi9Wcx1Tw=",
      "dev": true,
      "license": "Apache-2.0",
      "dependencies": {
        "@rollup/pluginutils": "^4.2.1",
        "core-js": "^3.25.0"
      },
      "peerDependencies": {
        "rollup": ">=1.0.0",
        "terser": ">=4.0.0"
      }
    },
    "node_modules/@lopatnov/rollup-plugin-uglify/node_modules/core-js": {
      "version": "3.35.0",
      "resolved": "https://nexus-ci.delta.sbrf.ru/repository/npm-all/core-js/-/core-js-3.35.0.tgz",
      "integrity": "sha1-WOZRaISE+Dw0GWyhPwmVdO5T1rQ=",
      "dev": true,
      "license": "MIT"
    },
    "node_modules/@rollup/pluginutils": {
      "version": "4.2.1",
      "resolved": "https://nexus-ci.delta.sbrf.ru/repository/npm-all/@rollup/pluginutils/-/pluginutils-4.2.1.tgz",
      "integrity": "sha1-5sbDq6B0Ttzj+yB0ki03dsCvKm0=",
      "dev": true,
      "license": "MIT",
      "dependencies": {
        "estree-walker": "^2.0.1",
        "picomatch": "^2.2.2"
      },
      "engines": {
        "node": ">= 8.0.0"
      }
    },
    "node_modules/@sber-risks-ui/Button": {
      "resolved": "button",
      "link": true
    },
    "node_modules/@sber-risks-ui/Checkbox": {
      "resolved": "checkbox",
      "link": true
    },
    "node_modules/@sber-risks-ui/Datepicker": {
      "resolved": "datepicker",
      "link": true
    },
    "node_modules/@sber-risks-ui/Divider": {
      "resolved": "divider",
      "link": true
    },
    "node_modules/@sber-risks-ui/FileUploader": {
      "resolved": "file-uploader",
      "link": true
    },
    "node_modules/@sber-risks-ui/FlexContainer": {
      "resolved": "form-control",
      "link": true
    },
    "node_modules/@sber-risks-ui/FormControl": {
      "resolved": "flex-container",
      "link": true
    },
    "node_modules/@sber-risks-ui/GridContainer": {
      "resolved": "grid-container",
      "link": true
    },
    "node_modules/@sber-risks-ui/IconButton": {
      "resolved": "icon-button",
      "link": true
    },
    "node_modules/@sber-risks-ui/Input": {
      "resolved": "input",
      "link": true
    },
    "node_modules/@sber-risks-ui/Label": {
      "resolved": "label",
      "link": true
    },
    "node_modules/@sber-risks-ui/LabelInteractive": {
      "resolved": "label-interactive",
      "link": true
    },
    "node_modules/@sber-risks-ui/List": {
      "resolved": "list",
      "link": true
    },
    "node_modules/@sber-risks-ui/ListItem": {
      "resolved": "list-item",
      "link": true
    },
    "node_modules/@sber-risks-ui/MultiSelect": {
      "resolved": "multi-select",
      "link": true
    },
    "node_modules/@sber-risks-ui/Progressbar": {
      "resolved": "progress-bar",
      "link": true
    },
    "node_modules/@sber-risks-ui/Radio": {
      "resolved": "radio",
      "link": true
    },
    "node_modules/@sber-risks-ui/Select": {
      "resolved": "select",
      "link": true
    },
    "node_modules/@sber-risks-ui/StickyBottomPanel": {
      "resolved": "sticky-bottom-panel",
      "link": true
    },
    "node_modules/@sber-risks-ui/styles": {
      "resolved": "styles",
      "link": true
    },
    "node_modules/@sber-risks-ui/Switcher": {
      "resolved": "switcher",
      "link": true
    },
    "node_modules/@sber-risks-ui/Tab": {
      "resolved": "tab",
      "link": true
    },
    "node_modules/@sber-risks-ui/Table": {
      "resolved": "table",
      "link": true
    },
    "node_modules/@sber-risks-ui/TableBody": {
      "resolved": "table-body",
      "link": true
    },
    "node_modules/@sber-risks-ui/TableCell": {
      "resolved": "table-cell",
      "link": true
    },
    "node_modules/@sber-risks-ui/TableColumnsVisible": {
      "resolved": "table-columns-visible",
      "link": true
    },
    "node_modules/@sber-risks-ui/TableHead": {
      "resolved": "table-head",
      "link": true
    },
    "node_modules/@sber-risks-ui/TableRow": {
      "resolved": "table-row",
      "link": true
    },
    "node_modules/@sber-risks-ui/Tabs": {
      "resolved": "tabs",
      "link": true
    },
    "node_modules/@sber-risks-ui/Textfield": {
      "resolved": "textfield",
      "link": true
    },
    "node_modules/@sber-risks-ui/Typography": {
      "resolved": "typography",
      "link": true
    },
    "node_modules/@sber-risks-ui/Warning-panel": {
      "resolved": "warning-panel",
      "link": true
    },
    "node_modules/@types/hoist-non-react-statics": {
      "version": "3.3.1",
      "resolved": "https://nexus-ci.delta.sbrf.ru/repository/npm-all/@types/hoist-non-react-statics/-/hoist-non-react-statics-3.3.1.tgz",
      "integrity": "sha1-ESSq/lEYy1kZd66xzqrtEHDrA58=",
      "dev": true,
      "license": "MIT",
      "dependencies": {
        "@types/react": "*",
        "hoist-non-react-statics": "^3.3.0"
      }
    },
    "node_modules/@types/prop-types": {
      "version": "15.7.4",
      "dev": true,
      "license": "MIT"
    },
    "node_modules/@types/react": {
      "version": "18.0.26",
      "resolved": "https://nexus-ci.delta.sbrf.ru/repository/npm-all/@types/react/-/react-18.0.26.tgz",
      "integrity": "sha1-itWfwB/vjq9cdPTqOSYhdJ8LeRc=",
      "dev": true,
      "license": "MIT",
      "dependencies": {
        "@types/prop-types": "*",
        "@types/scheduler": "*",
        "csstype": "^3.0.2"
      }
    },
    "node_modules/@types/scheduler": {
      "version": "0.16.2",
      "dev": true,
      "license": "MIT"
    },
    "node_modules/@types/styled-components": {
      "version": "5.1.26",
      "resolved": "https://nexus-ci.delta.sbrf.ru/repository/npm-all/@types/styled-components/-/styled-components-5.1.26.tgz",
      "integrity": "sha1-VifmgS7pbXVQKKmNrmHSjlfCM68=",
      "dev": true,
      "license": "MIT",
      "dependencies": {
        "@types/hoist-non-react-statics": "*",
        "@types/react": "*",
        "csstype": "^3.0.2"
      }
    },
    "node_modules/ansi-styles": {
      "version": "3.2.1",
      "resolved": "https://nexus-ci.delta.sbrf.ru/repository/npm-all/ansi-styles/-/ansi-styles-3.2.1.tgz",
      "integrity": "sha1-QfuyAkPlCxK+DwS43tvwdSDOhB0=",
      "license": "MIT",
      "dependencies": {
        "color-convert": "^1.9.0"
      },
      "engines": {
        "node": ">=4"
      }
    },
    "node_modules/babel-plugin-styled-components": {
      "version": "2.1.4",
      "resolved": "https://nexus-ci.delta.sbrf.ru/repository/npm-all/babel-plugin-styled-components/-/babel-plugin-styled-components-2.1.4.tgz",
      "integrity": "sha1-mh83x/Mu+Se0sAi1Kf60osgrEJI=",
      "license": "MIT",
      "dependencies": {
        "@babel/helper-annotate-as-pure": "^7.22.5",
        "@babel/helper-module-imports": "^7.22.5",
        "@babel/plugin-syntax-jsx": "^7.22.5",
        "lodash": "^4.17.21",
        "picomatch": "^2.3.1"
      },
      "peerDependencies": {
        "styled-components": ">= 2"
      }
    },
    "node_modules/balanced-match": {
      "version": "1.0.2",
      "dev": true,
      "license": "MIT"
    },
    "node_modules/brace-expansion": {
      "version": "1.1.11",
      "dev": true,
      "license": "MIT",
      "dependencies": {
        "balanced-match": "^1.0.0",
        "concat-map": "0.0.1"
      }
    },
    "node_modules/camelize": {
      "version": "1.0.0",
      "resolved": "https://nexus-ci.delta.sbrf.ru/repository/npm-all/camelize/-/camelize-1.0.0.tgz",
      "integrity": "sha1-FkpUg+Yw+kMh5a8HAg5TGDGyYJs=",
      "license": "MIT"
    },
    "node_modules/color-convert": {
      "version": "1.9.3",
      "resolved": "https://nexus-ci.delta.sbrf.ru/repository/npm-all/color-convert/-/color-convert-1.9.3.tgz",
      "integrity": "sha1-u3GFBpDh8TZWfeYp0tVHHe2kweg=",
      "license": "MIT",
      "dependencies": {
        "color-name": "1.1.3"
      }
    },
    "node_modules/color-name": {
      "version": "1.1.3",
      "resolved": "https://nexus-ci.delta.sbrf.ru/repository/npm-all/color-name/-/color-name-1.1.3.tgz",
      "integrity": "sha1-p9BVi9icQveV3UIyj3QIMcpTvCU=",
      "license": "MIT"
    },
    "node_modules/concat-map": {
      "version": "0.0.1",
      "dev": true,
      "license": "MIT"
    },
    "node_modules/css-color-keywords": {
      "version": "1.0.0",
      "resolved": "https://nexus-ci.delta.sbrf.ru/repository/npm-all/css-color-keywords/-/css-color-keywords-1.0.0.tgz",
      "integrity": "sha1-/qJhbcZ2spYmhrOvjb2+GAskTgU=",
      "license": "ISC",
      "engines": {
        "node": ">=4"
      }
    },
    "node_modules/css-to-react-native": {
      "version": "3.0.0",
      "resolved": "https://nexus-ci.delta.sbrf.ru/repository/npm-all/css-to-react-native/-/css-to-react-native-3.0.0.tgz",
      "integrity": "sha1-YtvmeAcqgkpom8/uAR/JbgKn11Y=",
      "license": "MIT",
      "dependencies": {
        "camelize": "^1.0.0",
        "css-color-keywords": "^1.0.0",
        "postcss-value-parser": "^4.0.2"
      }
    },
    "node_modules/csstype": {
      "version": "3.0.11",
      "resolved": "https://nexus-ci.delta.sbrf.ru/repository/npm-all/csstype/-/csstype-3.0.11.tgz",
      "integrity": "sha1-1mcAxerPrBlA3rTj7lZCeS2FzTM=",
      "dev": true,
      "license": "MIT"
    },
    "node_modules/dayjs": {
      "version": "1.9.8",
      "resolved": "https://nexus-ci.delta.sbrf.ru/repository/npm-all/dayjs/-/dayjs-1.9.8.tgz",
      "integrity": "sha1-mmX73KA349WDX5hnLabnlvdXzVg=",
      "license": "MIT"
    },
    "node_modules/debounce": {
      "version": "1.2.1",
      "license": "MIT"
    },
    "node_modules/debug": {
      "version": "4.3.3",
      "license": "MIT",
      "dependencies": {
        "ms": "2.1.2"
      },
      "engines": {
        "node": ">=6.0"
      },
      "peerDependenciesMeta": {
        "supports-color": {
          "optional": true
        }
      }
    },
    "node_modules/escape-string-regexp": {
      "version": "1.0.5",
      "license": "MIT",
      "engines": {
        "node": ">=0.8.0"
      }
    },
    "node_modules/estree-walker": {
      "version": "2.0.2",
      "dev": true,
      "license": "MIT"
    },
    "node_modules/fs.realpath": {
      "version": "1.0.0",
      "dev": true,
      "license": "ISC"
    },
    "node_modules/fsevents": {
      "version": "2.3.2",
      "dev": true,
      "license": "MIT",
      "optional": true,
      "os": [
        "darwin"
      ],
      "engines": {
        "node": "^8.16.0 || ^10.6.0 || >=11.0.0"
      }
    },
    "node_modules/glob": {
      "version": "7.2.0",
      "dev": true,
      "license": "ISC",
      "dependencies": {
        "fs.realpath": "^1.0.0",
        "inflight": "^1.0.4",
        "inherits": "2",
        "minimatch": "^3.0.4",
        "once": "^1.3.0",
        "path-is-absolute": "^1.0.0"
      },
      "engines": {
        "node": "*"
      },
      "funding": {
        "url": "https://github.com/sponsors/isaacs"
      }
    },
    "node_modules/globals": {
      "version": "11.12.0",
      "license": "MIT",
      "engines": {
        "node": ">=4"
      }
    },
    "node_modules/has-flag": {
      "version": "3.0.0",
      "license": "MIT",
      "engines": {
        "node": ">=4"
      }
    },
    "node_modules/hoist-non-react-statics": {
      "version": "3.3.2",
      "license": "BSD-3-Clause",
      "dependencies": {
        "react-is": "^16.7.0"
      }
    },
    "node_modules/hoist-non-react-statics/node_modules/react-is": {
      "version": "16.13.1",
      "license": "MIT"
    },
    "node_modules/inflight": {
      "version": "1.0.6",
      "dev": true,
      "license": "ISC",
      "dependencies": {
        "once": "^1.3.0",
        "wrappy": "1"
      }
    },
    "node_modules/inherits": {
      "version": "2.0.4",
      "dev": true,
      "license": "ISC"
    },
    "node_modules/js-tokens": {
      "version": "4.0.0",
      "license": "MIT"
    },
    "node_modules/jsesc": {
      "version": "2.5.2",
      "license": "MIT",
      "bin": {
        "jsesc": "bin/jsesc"
      },
      "engines": {
        "node": ">=4"
      }
    },
    "node_modules/lodash": {
      "version": "4.17.21",
      "license": "MIT"
    },
    "node_modules/minimatch": {
      "version": "3.1.2",
      "dev": true,
      "license": "ISC",
      "dependencies": {
        "brace-expansion": "^1.1.7"
      },
      "engines": {
        "node": "*"
      }
    },
    "node_modules/ms": {
      "version": "2.1.2",
      "license": "MIT"
    },
    "node_modules/once": {
      "version": "1.4.0",
      "dev": true,
      "license": "ISC",
      "dependencies": {
        "wrappy": "1"
      }
    },
    "node_modules/path-is-absolute": {
      "version": "1.0.1",
      "dev": true,
      "license": "MIT",
      "engines": {
        "node": ">=0.10.0"
      }
    },
    "node_modules/picomatch": {
      "version": "2.3.1",
      "license": "MIT",
      "engines": {
        "node": ">=8.6"
      },
      "funding": {
        "url": "https://github.com/sponsors/jonschlinkert"
      }
    },
    "node_modules/postcss-value-parser": {
      "version": "4.2.0",
      "license": "MIT"
    },
    "node_modules/rimraf": {
      "version": "2.7.1",
      "dev": true,
      "license": "ISC",
      "dependencies": {
        "glob": "^7.1.3"
      },
      "bin": {
        "rimraf": "bin.js"
      }
    },
    "node_modules/rollup": {
      "version": "2.70.0",
      "dev": true,
      "license": "MIT",
      "bin": {
        "rollup": "dist/bin/rollup"
      },
      "engines": {
        "node": ">=10.0.0"
      },
      "optionalDependencies": {
        "fsevents": "~2.3.2"
      }
    },
    "node_modules/rollup-plugin-cleaner": {
      "version": "1.0.0",
      "dev": true,
      "license": "MIT",
      "dependencies": {
        "rimraf": "^2.6.3"
      },
      "engines": {
        "node": ">= 8.0"
      },
      "peerDependencies": {
        "rollup": "> 1.0"
      }
    },
    "node_modules/shallowequal": {
      "version": "1.1.0",
      "resolved": "https://nexus-ci.delta.sbrf.ru/repository/npm-all/shallowequal/-/shallowequal-1.1.0.tgz",
      "integrity": "sha1-GI1SHelbkIdAT9TctosT3wrk5/g=",
      "license": "MIT"
    },
    "node_modules/source-map": {
      "version": "0.5.7",
      "license": "BSD-3-Clause",
      "engines": {
        "node": ">=0.10.0"
      }
    },
    "node_modules/styled-components": {
      "version": "5.3.3",
      "resolved": "https://nexus-ci.delta.sbrf.ru/repository/npm-all/styled-components/-/styled-components-5.3.3.tgz",
      "integrity": "sha1-MSo9mlSfRwjw+w7cgp6zS94DJ0M=",
      "license": "MIT",
      "dependencies": {
        "@babel/helper-module-imports": "^7.0.0",
        "@babel/traverse": "^7.4.5",
        "@emotion/is-prop-valid": "^0.8.8",
        "@emotion/stylis": "^0.8.4",
        "@emotion/unitless": "^0.7.4",
        "babel-plugin-styled-components": ">= 1.12.0",
        "css-to-react-native": "^3.0.0",
        "hoist-non-react-statics": "^3.0.0",
        "shallowequal": "^1.1.0",
        "supports-color": "^5.5.0"
      },
      "engines": {
        "node": ">=10"
      },
      "peerDependencies": {
        "react": ">= 16.8.0",
        "react-dom": ">= 16.8.0",
        "react-is": ">= 16.8.0"
      }
    },
    "node_modules/supports-color": {
      "version": "5.5.0",
      "license": "MIT",
      "dependencies": {
        "has-flag": "^3.0.0"
      },
      "engines": {
        "node": ">=4"
      }
    },
    "node_modules/to-fast-properties": {
      "version": "2.0.0",
      "license": "MIT",
      "engines": {
        "node": ">=4"
      }
    },
    "node_modules/wrappy": {
      "version": "1.0.2",
      "dev": true,
      "license": "ISC"
    },
    "progress-bar": {
      "name": "@sber-risks-ui/Progressbar",
      "version": "0.12.2-alpha.3",
      "license": "MIT"
    },
    "radio": {
      "name": "@sber-risks-ui/Radio",
      "version": "0.12.2-alpha.3",
      "license": "MIT",
      "devDependencies": {
        "@lopatnov/rollup-plugin-uglify": "^2.1.2",
        "@types/styled-components": "^5.1.18",
        "rollup": "^2.61.1"
      }
    },
    "select": {
      "name": "@sber-risks-ui/Select",
      "version": "0.12.2-alpha.3",
      "license": "MIT"
    },
    "sticky-bottom-panel": {
      "name": "@sber-risks-ui/StickyBottomPanel",
      "version": "0.12.2-alpha.3",
      "license": "MIT"
    },
    "styles": {
      "name": "@sber-risks-ui/styles",
      "version": "0.12.2-alpha.3",
      "license": "MIT"
    },
    "switcher": {
      "name": "@sber-risks-ui/Switcher",
      "version": "0.12.2-alpha.3",
      "license": "MIT",
      "devDependencies": {
        "@lopatnov/rollup-plugin-uglify": "^2.1.2",
        "@types/styled-components": "^5.1.18",
        "rollup": "^2.61.1"
      }
    },
    "tab": {
      "name": "@sber-risks-ui/Tab",
      "version": "0.12.2-alpha.3",
      "license": "MIT"
    },
    "table": {
      "name": "@sber-risks-ui/Table",
      "version": "0.12.2-alpha.3",
      "license": "MIT"
    },
    "table-body": {
      "name": "@sber-risks-ui/TableBody",
      "version": "0.12.2-alpha.3",
      "license": "MIT"
    },
    "table-cell": {
      "name": "@sber-risks-ui/TableCell",
      "version": "0.12.2-alpha.3",
      "license": "MIT"
    },
    "table-columns-visible": {
      "name": "@sber-risks-ui/TableColumnsVisible",
      "version": "0.12.2-alpha.3",
      "license": "MIT"
    },
    "table-head": {
      "name": "@sber-risks-ui/TableHead",
      "version": "0.12.2-alpha.3",
      "license": "MIT"
    },
    "table-row": {
      "name": "@sber-risks-ui/TableRow",
      "version": "0.12.2-alpha.3",
      "license": "MIT"
    },
    "tabs": {
      "name": "@sber-risks-ui/Tabs",
      "version": "0.12.2-alpha.3",
      "license": "MIT"
    },
    "textfield": {
      "name": "@sber-risks-ui/Textfield",
      "version": "0.12.2-alpha.3",
      "license": "MIT"
    },
    "typography": {
      "name": "@sber-risks-ui/Typography",
      "version": "0.12.2-alpha.3",
      "license": "MIT"
    },
    "warning-panel": {
      "name": "@sber-risks-ui/Warning-panel",
      "version": "0.12.2-alpha.3",
      "license": "MIT",
      "devDependencies": {
        "@types/styled-components": "^5.1.18"
      }
    }
  },
  "dependencies": {
    "@babel/code-frame": {
      "version": "7.16.7",
      "requires": {
        "@babel/highlight": "^7.16.7"
      }
    },
    "@babel/generator": {
      "version": "7.17.3",
      "requires": {
        "@babel/types": "^7.17.0",
        "jsesc": "^2.5.1",
        "source-map": "^0.5.0"
      }
    },
    "@babel/helper-annotate-as-pure": {
      "version": "7.22.5",
      "resolved": "https://nexus-ci.delta.sbrf.ru/repository/npm-all/@babel/helper-annotate-as-pure/-/helper-annotate-as-pure-7.22.5.tgz",
      "integrity": "sha1-5/BnN7GX1YCgHt912X4si+mdOII=",
      "requires": {
        "@babel/types": "^7.22.5"
      }
    },
    "@babel/helper-environment-visitor": {
      "version": "7.16.7",
      "requires": {
        "@babel/types": "^7.16.7"
      }
    },
    "@babel/helper-function-name": {
      "version": "7.16.7",
      "requires": {
        "@babel/helper-get-function-arity": "^7.16.7",
        "@babel/template": "^7.16.7",
        "@babel/types": "^7.16.7"
      }
    },
    "@babel/helper-get-function-arity": {
      "version": "7.16.7",
      "requires": {
        "@babel/types": "^7.16.7"
      }
    },
    "@babel/helper-hoist-variables": {
      "version": "7.16.7",
      "requires": {
        "@babel/types": "^7.16.7"
      }
    },
    "@babel/helper-module-imports": {
      "version": "7.22.5",
      "resolved": "https://nexus-ci.delta.sbrf.ru/repository/npm-all/@babel/helper-module-imports/-/helper-module-imports-7.22.5.tgz",
      "integrity": "sha1-Go9Mn0An0j9SC9drNk1EQ0pyZgw=",
      "requires": {
        "@babel/types": "^7.22.5"
      }
    },
    "@babel/helper-plugin-utils": {
      "version": "7.22.5",
      "resolved": "https://nexus-ci.delta.sbrf.ru/repository/npm-all/@babel/helper-plugin-utils/-/helper-plugin-utils-7.22.5.tgz",
      "integrity": "sha1-3X7jc16KMTufewWnc9iS6I5tcpU="
    },
    "@babel/helper-split-export-declaration": {
      "version": "7.16.7",
      "requires": {
        "@babel/types": "^7.16.7"
      }
    },
    "@babel/helper-string-parser": {
      "version": "7.22.5",
      "resolved": "https://nexus-ci.delta.sbrf.ru/repository/npm-all/@babel/helper-string-parser/-/helper-string-parser-7.22.5.tgz",
      "integrity": "sha1-Uz82RXolgUzx32SIUjrVR9eEqZ8="
    },
    "@babel/helper-validator-identifier": {
      "version": "7.22.5",
      "resolved": "https://nexus-ci.delta.sbrf.ru/repository/npm-all/@babel/helper-validator-identifier/-/helper-validator-identifier-7.22.5.tgz",
      "integrity": "sha1-lUTvajOZk0PIdA+lE1DzDuqq8ZM="
    },
    "@babel/highlight": {
      "version": "7.16.10",
      "requires": {
        "@babel/helper-validator-identifier": "^7.16.7",
        "chalk": "^2.0.0",
        "js-tokens": "^4.0.0"
      },
      "dependencies": {
        "chalk": {
          "version": "2.4.2",
          "resolved": "https://nexus-ci.delta.sbrf.ru/repository/npm-all/chalk/-/chalk-2.4.2.tgz",
          "integrity": "sha1-zUJUFnelQzPPVBpJEIwUMrRMlCQ=",
          "requires": {
            "ansi-styles": "^3.2.1",
            "escape-string-regexp": "^1.0.5",
            "supports-color": "^5.3.0"
          }
        }
      }
    },
    "@babel/parser": {
      "version": "7.22.5",
      "resolved": "https://nexus-ci.delta.sbrf.ru/repository/npm-all/@babel/parser/-/parser-7.22.5.tgz",
      "integrity": "sha1-ch/QQvPOGJYjjPGzQcd+t97n2+o="
    },
    "@babel/plugin-syntax-jsx": {
      "version": "7.22.5",
      "resolved": "https://nexus-ci.delta.sbrf.ru/repository/npm-all/@babel/plugin-syntax-jsx/-/plugin-syntax-jsx-7.22.5.tgz",
      "integrity": "sha1-praOhPt251n8O5PpAYdv+rvh2Rg=",
      "requires": {
        "@babel/helper-plugin-utils": "^7.22.5"
      }
    },
    "@babel/template": {
      "version": "7.16.7",
      "requires": {
        "@babel/code-frame": "^7.16.7",
        "@babel/parser": "^7.16.7",
        "@babel/types": "^7.16.7"
      }
    },
    "@babel/traverse": {
      "version": "7.17.3",
      "requires": {
        "@babel/code-frame": "^7.16.7",
        "@babel/generator": "^7.17.3",
        "@babel/helper-environment-visitor": "^7.16.7",
        "@babel/helper-function-name": "^7.16.7",
        "@babel/helper-hoist-variables": "^7.16.7",
        "@babel/helper-split-export-declaration": "^7.16.7",
        "@babel/parser": "^7.17.3",
        "@babel/types": "^7.17.0",
        "debug": "^4.1.0",
        "globals": "^11.1.0"
      }
    },
    "@babel/types": {
      "version": "7.22.5",
      "resolved": "https://nexus-ci.delta.sbrf.ru/repository/npm-all/@babel/types/-/types-7.22.5.tgz",
      "integrity": "sha1-zZPuqrAliAo6R+yIH0sJalt4b74=",
      "requires": {
        "@babel/helper-string-parser": "^7.22.5",
        "@babel/helper-validator-identifier": "^7.22.5",
        "to-fast-properties": "^2.0.0"
      }
    },
    "@emotion/is-prop-valid": {
      "version": "0.8.8",
      "resolved": "https://nexus-ci.delta.sbrf.ru/repository/npm-all/@emotion/is-prop-valid/-/is-prop-valid-0.8.8.tgz",
      "integrity": "sha1-2yixxDaKJZtgqXMR1qlS1P0BrBo=",
      "requires": {
        "@emotion/memoize": "0.7.4"
      }
    },
    "@emotion/memoize": {
      "version": "0.7.4",
      "resolved": "https://nexus-ci.delta.sbrf.ru/repository/npm-all/@emotion/memoize/-/memoize-0.7.4.tgz",
      "integrity": "sha1-Gb8PWvGRSREcQNmLsM+CEZ9dnus="
    },
    "@emotion/stylis": {
      "version": "0.8.5",
      "resolved": "https://nexus-ci.delta.sbrf.ru/repository/npm-all/@emotion/stylis/-/stylis-0.8.5.tgz",
      "integrity": "sha1-3qyzib1u530ef8rMzp4WxcfnjgQ="
    },
    "@emotion/unitless": {
      "version": "0.7.5",
      "resolved": "https://nexus-ci.delta.sbrf.ru/repository/npm-all/@emotion/unitless/-/unitless-0.7.5.tgz",
      "integrity": "sha1-dyESkcGQCnALinjPr9oxYNdpSe0="
    },
    "@lopatnov/rollup-plugin-uglify": {
      "version": "2.1.5",
      "resolved": "https://nexus-ci.delta.sbrf.ru/repository/npm-all/@lopatnov/rollup-plugin-uglify/-/rollup-plugin-uglify-2.1.5.tgz",
      "integrity": "sha1-sRdpNXspysv2xP3H6ZWi9Wcx1Tw=",
      "dev": true,
      "requires": {
        "@rollup/pluginutils": "^4.2.1",
        "core-js": "^3.25.0"
      },
      "dependencies": {
        "core-js": {
          "version": "3.35.0",
          "resolved": "https://nexus-ci.delta.sbrf.ru/repository/npm-all/core-js/-/core-js-3.35.0.tgz",
          "integrity": "sha1-WOZRaISE+Dw0GWyhPwmVdO5T1rQ=",
          "dev": true
        }
      }
    },
    "@rollup/pluginutils": {
      "version": "4.2.1",
      "resolved": "https://nexus-ci.delta.sbrf.ru/repository/npm-all/@rollup/pluginutils/-/pluginutils-4.2.1.tgz",
      "integrity": "sha1-5sbDq6B0Ttzj+yB0ki03dsCvKm0=",
      "dev": true,
      "requires": {
        "estree-walker": "^2.0.1",
        "picomatch": "^2.2.2"
      }
    },
    "@sber-risks-ui/Button": {
      "version": "file:button",
      "requires": {
        "@lopatnov/rollup-plugin-uglify": "^2.1.2",
        "@types/styled-components": "^5.1.18",
        "rollup": "^2.61.1"
      }
    },
    "@sber-risks-ui/Checkbox": {
      "version": "file:checkbox",
      "requires": {
        "@lopatnov/rollup-plugin-uglify": "^2.1.2",
        "@types/styled-components": "^5.1.18",
        "rollup": "^2.61.1"
      }
    },
    "@sber-risks-ui/Datepicker": {
      "version": "file:datepicker",
      "requires": {
        "dayjs": "1.9.8"
      }
    },
    "@sber-risks-ui/Divider": {
      "version": "file:divider"
    },
    "@sber-risks-ui/FileUploader": {
      "version": "file:file-uploader"
    },
    "@sber-risks-ui/FlexContainer": {
      "version": "file:form-control"
    },
    "@sber-risks-ui/FormControl": {
      "version": "file:flex-container"
    },
    "@sber-risks-ui/GridContainer": {
      "version": "file:grid-container"
    },
    "@sber-risks-ui/IconButton": {
      "version": "file:icon-button",
      "requires": {
        "@lopatnov/rollup-plugin-uglify": "^2.1.2",
        "@types/styled-components": "^5.1.18",
        "rollup": "^2.61.1",
        "rollup-plugin-cleaner": "^1.0.0"
      }
    },
    "@sber-risks-ui/Input": {
      "version": "file:input"
    },
    "@sber-risks-ui/Label": {
      "version": "file:label"
    },
    "@sber-risks-ui/LabelInteractive": {
      "version": "file:label-interactive"
    },
    "@sber-risks-ui/List": {
      "version": "file:list"
    },
    "@sber-risks-ui/ListItem": {
      "version": "file:list-item"
    },
    "@sber-risks-ui/MultiSelect": {
      "version": "file:multi-select"
    },
    "@sber-risks-ui/Progressbar": {
      "version": "file:progress-bar"
    },
    "@sber-risks-ui/Radio": {
      "version": "file:radio",
      "requires": {
        "@lopatnov/rollup-plugin-uglify": "^2.1.2",
        "@types/styled-components": "^5.1.18",
        "rollup": "^2.61.1"
      }
    },
    "@sber-risks-ui/Select": {
      "version": "file:select"
    },
    "@sber-risks-ui/StickyBottomPanel": {
      "version": "file:sticky-bottom-panel"
    },
    "@sber-risks-ui/styles": {
      "version": "file:styles"
    },
    "@sber-risks-ui/Switcher": {
      "version": "file:switcher",
      "requires": {
        "@lopatnov/rollup-plugin-uglify": "^2.1.2",
        "@types/styled-components": "^5.1.18",
        "rollup": "^2.61.1"
      }
    },
    "@sber-risks-ui/Tab": {
      "version": "file:tab"
    },
    "@sber-risks-ui/Table": {
      "version": "file:table"
    },
    "@sber-risks-ui/TableBody": {
      "version": "file:table-body"
    },
    "@sber-risks-ui/TableCell": {
      "version": "file:table-cell"
    },
    "@sber-risks-ui/TableColumnsVisible": {
      "version": "file:table-columns-visible"
    },
    "@sber-risks-ui/TableHead": {
      "version": "file:table-head"
    },
    "@sber-risks-ui/TableRow": {
      "version": "file:table-row"
    },
    "@sber-risks-ui/Tabs": {
      "version": "file:tabs"
    },
    "@sber-risks-ui/Textfield": {
      "version": "file:textfield"
    },
    "@sber-risks-ui/Typography": {
      "version": "file:typography"
    },
    "@sber-risks-ui/Warning-panel": {
      "version": "file:warning-panel",
      "requires": {
        "@types/styled-components": "^5.1.18"
      }
    },
    "@types/hoist-non-react-statics": {
      "version": "3.3.1",
      "resolved": "https://nexus-ci.delta.sbrf.ru/repository/npm-all/@types/hoist-non-react-statics/-/hoist-non-react-statics-3.3.1.tgz",
      "integrity": "sha1-ESSq/lEYy1kZd66xzqrtEHDrA58=",
      "dev": true,
      "requires": {
        "@types/react": "*",
        "hoist-non-react-statics": "^3.3.0"
      }
    },
    "@types/prop-types": {
      "version": "15.7.4",
      "dev": true
    },
    "@types/react": {
      "version": "18.0.26",
      "resolved": "https://nexus-ci.delta.sbrf.ru/repository/npm-all/@types/react/-/react-18.0.26.tgz",
      "integrity": "sha1-itWfwB/vjq9cdPTqOSYhdJ8LeRc=",
      "dev": true,
      "requires": {
        "@types/prop-types": "*",
        "@types/scheduler": "*",
        "csstype": "^3.0.2"
      }
    },
    "@types/scheduler": {
      "version": "0.16.2",
      "dev": true
    },
    "@types/styled-components": {
      "version": "5.1.26",
      "resolved": "https://nexus-ci.delta.sbrf.ru/repository/npm-all/@types/styled-components/-/styled-components-5.1.26.tgz",
      "integrity": "sha1-VifmgS7pbXVQKKmNrmHSjlfCM68=",
      "dev": true,
      "requires": {
        "@types/hoist-non-react-statics": "*",
        "@types/react": "*",
        "csstype": "^3.0.2"
      }
    },
    "ansi-styles": {
      "version": "3.2.1",
      "resolved": "https://nexus-ci.delta.sbrf.ru/repository/npm-all/ansi-styles/-/ansi-styles-3.2.1.tgz",
      "integrity": "sha1-QfuyAkPlCxK+DwS43tvwdSDOhB0=",
      "requires": {
        "color-convert": "^1.9.0"
      }
    },
    "babel-plugin-styled-components": {
      "version": "2.1.4",
      "resolved": "https://nexus-ci.delta.sbrf.ru/repository/npm-all/babel-plugin-styled-components/-/babel-plugin-styled-components-2.1.4.tgz",
      "integrity": "sha1-mh83x/Mu+Se0sAi1Kf60osgrEJI=",
      "requires": {
        "@babel/helper-annotate-as-pure": "^7.22.5",
        "@babel/helper-module-imports": "^7.22.5",
        "@babel/plugin-syntax-jsx": "^7.22.5",
        "lodash": "^4.17.21",
        "picomatch": "^2.3.1"
      }
    },
    "balanced-match": {
      "version": "1.0.2",
      "dev": true
    },
    "brace-expansion": {
      "version": "1.1.11",
      "dev": true,
      "requires": {
        "balanced-match": "^1.0.0",
        "concat-map": "0.0.1"
      }
    },
    "camelize": {
      "version": "1.0.0",
      "resolved": "https://nexus-ci.delta.sbrf.ru/repository/npm-all/camelize/-/camelize-1.0.0.tgz",
      "integrity": "sha1-FkpUg+Yw+kMh5a8HAg5TGDGyYJs="
    },
    "color-convert": {
      "version": "1.9.3",
      "resolved": "https://nexus-ci.delta.sbrf.ru/repository/npm-all/color-convert/-/color-convert-1.9.3.tgz",
      "integrity": "sha1-u3GFBpDh8TZWfeYp0tVHHe2kweg=",
      "requires": {
        "color-name": "1.1.3"
      }
    },
    "color-name": {
      "version": "1.1.3",
      "resolved": "https://nexus-ci.delta.sbrf.ru/repository/npm-all/color-name/-/color-name-1.1.3.tgz",
      "integrity": "sha1-p9BVi9icQveV3UIyj3QIMcpTvCU="
    },
    "concat-map": {
      "version": "0.0.1",
      "dev": true
    },
    "css-color-keywords": {
      "version": "1.0.0",
      "resolved": "https://nexus-ci.delta.sbrf.ru/repository/npm-all/css-color-keywords/-/css-color-keywords-1.0.0.tgz",
      "integrity": "sha1-/qJhbcZ2spYmhrOvjb2+GAskTgU="
    },
    "css-to-react-native": {
      "version": "3.0.0",
      "resolved": "https://nexus-ci.delta.sbrf.ru/repository/npm-all/css-to-react-native/-/css-to-react-native-3.0.0.tgz",
      "integrity": "sha1-YtvmeAcqgkpom8/uAR/JbgKn11Y=",
      "requires": {
        "camelize": "^1.0.0",
        "css-color-keywords": "^1.0.0",
        "postcss-value-parser": "^4.0.2"
      }
    },
    "csstype": {
      "version": "3.0.11",
      "resolved": "https://nexus-ci.delta.sbrf.ru/repository/npm-all/csstype/-/csstype-3.0.11.tgz",
      "integrity": "sha1-1mcAxerPrBlA3rTj7lZCeS2FzTM=",
      "dev": true
    },
    "dayjs": {
      "version": "1.9.8",
      "resolved": "https://nexus-ci.delta.sbrf.ru/repository/npm-all/dayjs/-/dayjs-1.9.8.tgz",
      "integrity": "sha1-mmX73KA349WDX5hnLabnlvdXzVg="
    },
    "debounce": {
      "version": "1.2.1"
    },
    "debug": {
      "version": "4.3.3",
      "requires": {
        "ms": "2.1.2"
      }
    },
    "escape-string-regexp": {
      "version": "1.0.5"
    },
    "estree-walker": {
      "version": "2.0.2",
      "dev": true
    },
    "fs.realpath": {
      "version": "1.0.0",
      "dev": true
    },
    "fsevents": {
      "version": "2.3.2",
      "dev": true,
      "optional": true
    },
    "glob": {
      "version": "7.2.0",
      "dev": true,
      "requires": {
        "fs.realpath": "^1.0.0",
        "inflight": "^1.0.4",
        "inherits": "2",
        "minimatch": "^3.0.4",
        "once": "^1.3.0",
        "path-is-absolute": "^1.0.0"
      }
    },
    "globals": {
      "version": "11.12.0"
    },
    "has-flag": {
      "version": "3.0.0"
    },
    "hoist-non-react-statics": {
      "version": "3.3.2",
      "requires": {
        "react-is": "^16.7.0"
      },
      "dependencies": {
        "react-is": {
          "version": "16.13.1"
        }
      }
    },
    "inflight": {
      "version": "1.0.6",
      "dev": true,
      "requires": {
        "once": "^1.3.0",
        "wrappy": "1"
      }
    },
    "inherits": {
      "version": "2.0.4",
      "dev": true
    },
    "js-tokens": {
      "version": "4.0.0"
    },
    "jsesc": {
      "version": "2.5.2"
    },
    "lodash": {
      "version": "4.17.21"
    },
    "minimatch": {
      "version": "3.1.2",
      "dev": true,
      "requires": {
        "brace-expansion": "^1.1.7"
      }
    },
    "ms": {
      "version": "2.1.2"
    },
    "once": {
      "version": "1.4.0",
      "dev": true,
      "requires": {
        "wrappy": "1"
      }
    },
    "path-is-absolute": {
      "version": "1.0.1",
      "dev": true
    },
    "picomatch": {
      "version": "2.3.1"
    },
    "postcss-value-parser": {
      "version": "4.2.0"
    },
    "rimraf": {
      "version": "2.7.1",
      "dev": true,
      "requires": {
        "glob": "^7.1.3"
      }
    },
    "rollup": {
      "version": "2.70.0",
      "dev": true,
      "requires": {
        "fsevents": "~2.3.2"
      }
    },
    "rollup-plugin-cleaner": {
      "version": "1.0.0",
      "dev": true,
      "requires": {
        "rimraf": "^2.6.3"
      }
    },
    "shallowequal": {
      "version": "1.1.0",
      "resolved": "https://nexus-ci.delta.sbrf.ru/repository/npm-all/shallowequal/-/shallowequal-1.1.0.tgz",
      "integrity": "sha1-GI1SHelbkIdAT9TctosT3wrk5/g="
    },
    "source-map": {
      "version": "0.5.7"
    },
    "styled-components": {
      "version": "5.3.3",
      "resolved": "https://nexus-ci.delta.sbrf.ru/repository/npm-all/styled-components/-/styled-components-5.3.3.tgz",
      "integrity": "sha1-MSo9mlSfRwjw+w7cgp6zS94DJ0M=",
      "requires": {
        "@babel/helper-module-imports": "^7.0.0",
        "@babel/traverse": "^7.4.5",
        "@emotion/is-prop-valid": "^0.8.8",
        "@emotion/stylis": "^0.8.4",
        "@emotion/unitless": "^0.7.4",
        "babel-plugin-styled-components": ">= 1.12.0",
        "css-to-react-native": "^3.0.0",
        "hoist-non-react-statics": "^3.0.0",
        "shallowequal": "^1.1.0",
        "supports-color": "^5.5.0"
      }
    },
    "supports-color": {
      "version": "5.5.0",
      "requires": {
        "has-flag": "^3.0.0"
      }
    },
    "to-fast-properties": {
      "version": "2.0.0"
    },
    "wrappy": {
      "version": "1.0.2",
      "dev": true
    }
  }
}
